{
  "version": 4,
  "terraform_version": "0.15.0",
  "serial": 29,
  "lineage": "72442b45-a5d1-00d9-8d54-c85e517e05be",
  "outputs": {
    "api-gateway-url": {
      "value": "https://sgu29ijylh.execute-api.us-east-1.amazonaws.com/default",
      "type": "string"
    }
  },
  "resources": [
    {
      "mode": "managed",
      "type": "aws_iam_role_policy_attachment",
      "name": "test_xray",
      "provider": "provider[\"registry.terraform.io/hashicorp/aws\"]",
      "instances": [
        {
          "schema_version": 0,
          "attributes": {
            "id": "hello-nodejs-awssdk-20210421070650698000000001",
            "policy_arn": "arn:aws:iam::aws:policy/AWSXRayDaemonWriteAccess",
            "role": "hello-nodejs-awssdk"
          },
          "sensitive_attributes": [],
          "private": "bnVsbA==",
          "dependencies": [
            "module.test.module.hello-lambda-function.module.hello-lambda-function.aws_iam_role.lambda",
            "module.test.module.hello-lambda-function.module.hello-lambda-function.data.aws_iam_policy_document.assume_role"
          ]
        }
      ]
    },
    {
      "module": "module.test",
      "mode": "managed",
      "type": "aws_lambda_layer_version",
      "name": "collector_layer",
      "provider": "provider[\"registry.terraform.io/hashicorp/aws\"]",
      "instances": [
        {
          "schema_version": 0,
          "attributes": {
            "arn": "arn:aws:lambda:us-east-1:595986152929:layer:opentelemetry-collector:20",
            "compatible_runtimes": [
              "nodejs10.x",
              "nodejs12.x",
              "nodejs14.x"
            ],
            "created_date": "2021-04-21T07:18:19.748+0000",
            "description": "",
            "filename": "../../../opentelemetry-lambda/nodejs/integration-tests/aws-sdk/../../../collector/build/collector-extension.zip",
            "id": "arn:aws:lambda:us-east-1:595986152929:layer:opentelemetry-collector:20",
            "layer_arn": "arn:aws:lambda:us-east-1:595986152929:layer:opentelemetry-collector",
            "layer_name": "opentelemetry-collector",
            "license_info": "Apache-2.0",
            "s3_bucket": null,
            "s3_key": null,
            "s3_object_version": null,
            "signing_job_arn": "",
            "signing_profile_version_arn": "",
            "source_code_hash": "qpj7Ulz6q1qHpg61VCo4WCLxGStj1BG8AJDk8OfrsiA=",
            "source_code_size": 8014483,
            "version": "20"
          },
          "sensitive_attributes": [],
          "private": "bnVsbA=="
        }
      ]
    },
    {
      "module": "module.test",
      "mode": "managed",
      "type": "aws_lambda_layer_version",
      "name": "sdk_layer",
      "provider": "provider[\"registry.terraform.io/hashicorp/aws\"]",
      "instances": [
        {
          "schema_version": 0,
          "attributes": {
            "arn": "arn:aws:lambda:us-east-1:595986152929:layer:opentelemetry-nodejs-wrapper:45",
            "compatible_runtimes": [
              "nodejs10.x",
              "nodejs12.x",
              "nodejs14.x"
            ],
            "created_date": "2021-04-21T07:06:48.022+0000",
            "description": "",
            "filename": "../../../opentelemetry-lambda/nodejs/integration-tests/aws-sdk/../../packages/layer/build/layer.zip",
            "id": "arn:aws:lambda:us-east-1:595986152929:layer:opentelemetry-nodejs-wrapper:45",
            "layer_arn": "arn:aws:lambda:us-east-1:595986152929:layer:opentelemetry-nodejs-wrapper",
            "layer_name": "opentelemetry-nodejs-wrapper",
            "license_info": "Apache-2.0",
            "s3_bucket": null,
            "s3_key": null,
            "s3_object_version": null,
            "signing_job_arn": "",
            "signing_profile_version_arn": "",
            "source_code_hash": "SwJzZq7hiOqXbT/BrZk1pIZrZ+MVLIYVOdVD9F8qnME=",
            "source_code_size": 4074605,
            "version": "45"
          },
          "sensitive_attributes": [],
          "private": "bnVsbA=="
        }
      ]
    },
    {
      "module": "module.test.module.hello-lambda-function.module.api-gateway",
      "mode": "managed",
      "type": "aws_api_gateway_deployment",
      "name": "lambda_api_proxy",
      "provider": "provider[\"registry.terraform.io/hashicorp/aws\"]",
      "instances": [
        {
          "schema_version": 0,
          "attributes": {
            "created_date": "2021-04-21T07:07:27Z",
            "description": "",
            "execution_arn": "arn:aws:execute-api:us-east-1:595986152929:sgu29ijylh/",
            "id": "2n84mw",
            "invoke_url": "https://sgu29ijylh.execute-api.us-east-1.amazonaws.com/",
            "rest_api_id": "sgu29ijylh",
            "stage_description": null,
            "stage_name": null,
            "triggers": null,
            "variables": null
          },
          "sensitive_attributes": [],
          "private": "bnVsbA==",
          "dependencies": [
            "module.test.module.hello-lambda-function.module.api-gateway.aws_api_gateway_method.lambda_api_proxy",
            "module.test.module.hello-lambda-function.module.hello-lambda-function.aws_lambda_function.this",
            "module.test.module.hello-lambda-function.module.hello-lambda-function.local_file.archive_plan",
            "module.test.module.hello-lambda-function.module.api-gateway.aws_api_gateway_integration.lambda_api_root_nodejs",
            "module.test.module.hello-lambda-function.module.api-gateway.aws_api_gateway_rest_api.lambda_api_proxy",
            "module.test.module.hello-lambda-function.module.hello-lambda-function.aws_s3_bucket_object.lambda_package",
            "module.test.module.hello-lambda-function.module.hello-lambda-function.data.aws_iam_policy_document.assume_role",
            "module.test.module.hello-lambda-function.module.api-gateway.aws_api_gateway_resource.lambda_api_proxy",
            "module.test.module.hello-lambda-function.module.hello-lambda-function.aws_iam_role.lambda",
            "module.test.aws_lambda_layer_version.collector_layer",
            "module.test.aws_lambda_layer_version.sdk_layer",
            "module.test.module.hello-lambda-function.module.api-gateway.aws_api_gateway_integration.lambda_api",
            "module.test.module.hello-lambda-function.module.api-gateway.aws_api_gateway_method.lambda_api_proxy_root_nodejs",
            "module.test.module.hello-lambda-function.module.hello-lambda-function.data.external.archive_prepare",
            "module.test.module.hello-lambda-function.module.hello-lambda-function.null_resource.archive"
          ]
        }
      ]
    },
    {
      "module": "module.test.module.hello-lambda-function.module.api-gateway",
      "mode": "managed",
      "type": "aws_api_gateway_integration",
      "name": "lambda_api",
      "provider": "provider[\"registry.terraform.io/hashicorp/aws\"]",
      "instances": [
        {
          "schema_version": 0,
          "attributes": {
            "cache_key_parameters": [],
            "cache_namespace": "wau7ka",
            "connection_id": "",
            "connection_type": "INTERNET",
            "content_handling": "",
            "credentials": "",
            "http_method": "ANY",
            "id": "agi-sgu29ijylh-wau7ka-ANY",
            "integration_http_method": "POST",
            "passthrough_behavior": "WHEN_NO_MATCH",
            "request_parameters": {},
            "request_templates": {},
            "resource_id": "wau7ka",
            "rest_api_id": "sgu29ijylh",
            "timeout_milliseconds": 29000,
            "tls_config": [],
            "type": "AWS_PROXY",
            "uri": "arn:aws:apigateway:us-east-1:lambda:path/2015-03-31/functions/arn:aws:lambda:us-east-1:595986152929:function:hello-nodejs-awssdk/invocations"
          },
          "sensitive_attributes": [],
          "private": "bnVsbA==",
          "dependencies": [
            "module.test.aws_lambda_layer_version.collector_layer",
            "module.test.aws_lambda_layer_version.sdk_layer",
            "module.test.module.hello-lambda-function.module.api-gateway.aws_api_gateway_method.lambda_api_proxy",
            "module.test.module.hello-lambda-function.module.hello-lambda-function.data.external.archive_prepare",
            "module.test.module.hello-lambda-function.module.hello-lambda-function.aws_s3_bucket_object.lambda_package",
            "module.test.module.hello-lambda-function.module.hello-lambda-function.data.aws_iam_policy_document.assume_role",
            "module.test.module.hello-lambda-function.module.hello-lambda-function.local_file.archive_plan",
            "module.test.module.hello-lambda-function.module.hello-lambda-function.null_resource.archive",
            "module.test.module.hello-lambda-function.module.api-gateway.aws_api_gateway_resource.lambda_api_proxy",
            "module.test.module.hello-lambda-function.module.api-gateway.aws_api_gateway_rest_api.lambda_api_proxy",
            "module.test.module.hello-lambda-function.module.hello-lambda-function.aws_iam_role.lambda",
            "module.test.module.hello-lambda-function.module.hello-lambda-function.aws_lambda_function.this"
          ]
        }
      ]
    },
    {
      "module": "module.test.module.hello-lambda-function.module.api-gateway",
      "mode": "managed",
      "type": "aws_api_gateway_integration",
      "name": "lambda_api_root_nodejs",
      "provider": "provider[\"registry.terraform.io/hashicorp/aws\"]",
      "instances": [
        {
          "schema_version": 0,
          "attributes": {
            "cache_key_parameters": [],
            "cache_namespace": "cuogl7vuve",
            "connection_id": "",
            "connection_type": "INTERNET",
            "content_handling": "",
            "credentials": "",
            "http_method": "ANY",
            "id": "agi-sgu29ijylh-cuogl7vuve-ANY",
            "integration_http_method": "POST",
            "passthrough_behavior": "WHEN_NO_MATCH",
            "request_parameters": {},
            "request_templates": {},
            "resource_id": "cuogl7vuve",
            "rest_api_id": "sgu29ijylh",
            "timeout_milliseconds": 29000,
            "tls_config": [],
            "type": "AWS_PROXY",
            "uri": "arn:aws:apigateway:us-east-1:lambda:path/2015-03-31/functions/arn:aws:lambda:us-east-1:595986152929:function:hello-nodejs-awssdk/invocations"
          },
          "sensitive_attributes": [],
          "private": "bnVsbA==",
          "dependencies": [
            "module.test.aws_lambda_layer_version.collector_layer",
            "module.test.module.hello-lambda-function.module.hello-lambda-function.aws_lambda_function.this",
            "module.test.module.hello-lambda-function.module.hello-lambda-function.aws_s3_bucket_object.lambda_package",
            "module.test.module.hello-lambda-function.module.hello-lambda-function.data.aws_iam_policy_document.assume_role",
            "module.test.module.hello-lambda-function.module.hello-lambda-function.data.external.archive_prepare",
            "module.test.aws_lambda_layer_version.sdk_layer",
            "module.test.module.hello-lambda-function.module.api-gateway.aws_api_gateway_method.lambda_api_proxy_root_nodejs",
            "module.test.module.hello-lambda-function.module.api-gateway.aws_api_gateway_rest_api.lambda_api_proxy",
            "module.test.module.hello-lambda-function.module.hello-lambda-function.aws_iam_role.lambda",
            "module.test.module.hello-lambda-function.module.hello-lambda-function.local_file.archive_plan",
            "module.test.module.hello-lambda-function.module.hello-lambda-function.null_resource.archive"
          ]
        }
      ]
    },
    {
      "module": "module.test.module.hello-lambda-function.module.api-gateway",
      "mode": "managed",
      "type": "aws_api_gateway_method",
      "name": "lambda_api_proxy",
      "provider": "provider[\"registry.terraform.io/hashicorp/aws\"]",
      "instances": [
        {
          "schema_version": 0,
          "attributes": {
            "api_key_required": false,
            "authorization": "NONE",
            "authorization_scopes": [],
            "authorizer_id": "",
            "http_method": "ANY",
            "id": "agm-sgu29ijylh-wau7ka-ANY",
            "operation_name": "",
            "request_models": {},
            "request_parameters": {},
            "request_validator_id": "",
            "resource_id": "wau7ka",
            "rest_api_id": "sgu29ijylh"
          },
          "sensitive_attributes": [],
          "private": "bnVsbA==",
          "dependencies": [
            "module.test.module.hello-lambda-function.module.api-gateway.aws_api_gateway_resource.lambda_api_proxy",
            "module.test.module.hello-lambda-function.module.api-gateway.aws_api_gateway_rest_api.lambda_api_proxy"
          ]
        }
      ]
    },
    {
      "module": "module.test.module.hello-lambda-function.module.api-gateway",
      "mode": "managed",
      "type": "aws_api_gateway_method",
      "name": "lambda_api_proxy_root_nodejs",
      "provider": "provider[\"registry.terraform.io/hashicorp/aws\"]",
      "instances": [
        {
          "schema_version": 0,
          "attributes": {
            "api_key_required": false,
            "authorization": "NONE",
            "authorization_scopes": [],
            "authorizer_id": "",
            "http_method": "ANY",
            "id": "agm-sgu29ijylh-cuogl7vuve-ANY",
            "operation_name": "",
            "request_models": {},
            "request_parameters": {},
            "request_validator_id": "",
            "resource_id": "cuogl7vuve",
            "rest_api_id": "sgu29ijylh"
          },
          "sensitive_attributes": [],
          "private": "bnVsbA==",
          "dependencies": [
            "module.test.module.hello-lambda-function.module.api-gateway.aws_api_gateway_rest_api.lambda_api_proxy"
          ]
        }
      ]
    },
    {
      "module": "module.test.module.hello-lambda-function.module.api-gateway",
      "mode": "managed",
      "type": "aws_api_gateway_resource",
      "name": "lambda_api_proxy",
      "provider": "provider[\"registry.terraform.io/hashicorp/aws\"]",
      "instances": [
        {
          "schema_version": 0,
          "attributes": {
            "id": "wau7ka",
            "parent_id": "cuogl7vuve",
            "path": "/{proxy+}",
            "path_part": "{proxy+}",
            "rest_api_id": "sgu29ijylh"
          },
          "sensitive_attributes": [],
          "private": "bnVsbA==",
          "dependencies": [
            "module.test.module.hello-lambda-function.module.api-gateway.aws_api_gateway_rest_api.lambda_api_proxy"
          ]
        }
      ]
    },
    {
      "module": "module.test.module.hello-lambda-function.module.api-gateway",
      "mode": "managed",
      "type": "aws_api_gateway_rest_api",
      "name": "lambda_api_proxy",
      "provider": "provider[\"registry.terraform.io/hashicorp/aws\"]",
      "instances": [
        {
          "schema_version": 0,
          "attributes": {
            "api_key_source": "HEADER",
            "arn": "arn:aws:apigateway:us-east-1::/restapis/sgu29ijylh",
            "binary_media_types": [],
            "body": null,
            "created_date": "2021-04-21T07:06:42Z",
            "description": "",
            "disable_execute_api_endpoint": false,
            "endpoint_configuration": [
              {
                "types": [
                  "EDGE"
                ],
                "vpc_endpoint_ids": []
              }
            ],
            "execution_arn": "arn:aws:execute-api:us-east-1:595986152929:sgu29ijylh",
            "id": "sgu29ijylh",
            "minimum_compression_size": -1,
            "name": "hello-nodejs-awssdk",
            "parameters": null,
            "policy": "",
            "root_resource_id": "cuogl7vuve",
            "tags": {}
          },
          "sensitive_attributes": [],
          "private": "bnVsbA=="
        }
      ]
    },
    {
      "module": "module.test.module.hello-lambda-function.module.api-gateway",
      "mode": "managed",
      "type": "aws_api_gateway_stage",
      "name": "test",
      "provider": "provider[\"registry.terraform.io/hashicorp/aws\"]",
      "instances": [
        {
          "schema_version": 0,
          "attributes": {
            "access_log_settings": [],
            "arn": "arn:aws:apigateway:us-east-1::/restapis/sgu29ijylh/stages/default",
            "cache_cluster_enabled": false,
            "cache_cluster_size": "",
            "client_certificate_id": "",
            "deployment_id": "2n84mw",
            "description": "",
            "documentation_version": "",
            "execution_arn": "arn:aws:execute-api:us-east-1:595986152929:sgu29ijylh/default",
            "id": "ags-sgu29ijylh-default",
            "invoke_url": "https://sgu29ijylh.execute-api.us-east-1.amazonaws.com/default",
            "rest_api_id": "sgu29ijylh",
            "stage_name": "default",
            "tags": {},
            "variables": {},
            "xray_tracing_enabled": false
          },
          "sensitive_attributes": [],
          "private": "bnVsbA==",
          "dependencies": [
            "module.test.module.hello-lambda-function.module.hello-lambda-function.local_file.archive_plan",
            "module.test.aws_lambda_layer_version.sdk_layer",
            "module.test.module.hello-lambda-function.module.api-gateway.aws_api_gateway_deployment.lambda_api_proxy",
            "module.test.module.hello-lambda-function.module.api-gateway.aws_api_gateway_integration.lambda_api",
            "module.test.module.hello-lambda-function.module.api-gateway.aws_api_gateway_integration.lambda_api_root_nodejs",
            "module.test.module.hello-lambda-function.module.api-gateway.aws_api_gateway_method.lambda_api_proxy_root_nodejs",
            "module.test.module.hello-lambda-function.module.api-gateway.aws_api_gateway_rest_api.lambda_api_proxy",
            "module.test.module.hello-lambda-function.module.hello-lambda-function.data.external.archive_prepare",
            "module.test.aws_lambda_layer_version.collector_layer",
            "module.test.module.hello-lambda-function.module.api-gateway.aws_api_gateway_method.lambda_api_proxy",
            "module.test.module.hello-lambda-function.module.hello-lambda-function.aws_lambda_function.this",
            "module.test.module.hello-lambda-function.module.api-gateway.aws_api_gateway_resource.lambda_api_proxy",
            "module.test.module.hello-lambda-function.module.hello-lambda-function.aws_iam_role.lambda",
            "module.test.module.hello-lambda-function.module.hello-lambda-function.aws_s3_bucket_object.lambda_package",
            "module.test.module.hello-lambda-function.module.hello-lambda-function.data.aws_iam_policy_document.assume_role",
            "module.test.module.hello-lambda-function.module.hello-lambda-function.null_resource.archive"
          ]
        }
      ]
    },
    {
      "module": "module.test.module.hello-lambda-function.module.api-gateway",
      "mode": "managed",
      "type": "aws_lambda_permission",
      "name": "lambda_api_allow_gateway_nodejs",
      "provider": "provider[\"registry.terraform.io/hashicorp/aws\"]",
      "instances": [
        {
          "schema_version": 0,
          "attributes": {
            "action": "lambda:InvokeFunction",
            "event_source_token": null,
            "function_name": "hello-nodejs-awssdk",
            "id": "terraform-20210421070721817300000002",
            "principal": "apigateway.amazonaws.com",
            "qualifier": "",
            "source_account": null,
            "source_arn": "arn:aws:execute-api:us-east-1:595986152929:sgu29ijylh/*/*",
            "statement_id": "terraform-20210421070721817300000002",
            "statement_id_prefix": null
          },
          "sensitive_attributes": [],
          "private": "bnVsbA==",
          "dependencies": [
            "module.test.module.hello-lambda-function.module.hello-lambda-function.aws_iam_role.lambda",
            "module.test.module.hello-lambda-function.module.hello-lambda-function.aws_lambda_function.this",
            "module.test.module.hello-lambda-function.module.hello-lambda-function.aws_s3_bucket_object.lambda_package",
            "module.test.module.hello-lambda-function.module.hello-lambda-function.data.external.archive_prepare",
            "module.test.module.hello-lambda-function.module.hello-lambda-function.local_file.archive_plan",
            "module.test.aws_lambda_layer_version.collector_layer",
            "module.test.aws_lambda_layer_version.sdk_layer",
            "module.test.module.hello-lambda-function.module.api-gateway.aws_api_gateway_rest_api.lambda_api_proxy",
            "module.test.module.hello-lambda-function.module.hello-lambda-function.data.aws_iam_policy_document.assume_role",
            "module.test.module.hello-lambda-function.module.hello-lambda-function.null_resource.archive"
          ]
        }
      ]
    },
    {
      "module": "module.test.module.hello-lambda-function.module.hello-lambda-function",
      "mode": "data",
      "type": "aws_iam_policy_document",
      "name": "additional_inline",
      "provider": "provider[\"registry.terraform.io/hashicorp/aws\"]",
      "instances": [
        {
          "index_key": 0,
          "schema_version": 0,
          "attributes": {
            "id": "1004989473",
            "json": "{\n  \"Version\": \"2012-10-17\",\n  \"Statement\": [\n    {\n      \"Sid\": \"s3\",\n      \"Effect\": \"Allow\",\n      \"Action\": \"s3:ListAllMyBuckets\",\n      \"Resource\": \"*\"\n    }\n  ]\n}",
            "override_json": null,
            "override_policy_documents": null,
            "policy_id": null,
            "source_json": null,
            "source_policy_documents": null,
            "statement": [
              {
                "actions": [
                  "s3:ListAllMyBuckets"
                ],
                "condition": [],
                "effect": "Allow",
                "not_actions": [],
                "not_principals": [],
                "not_resources": [],
                "principals": [],
                "resources": [
                  "*"
                ],
                "sid": "s3"
              }
            ],
            "version": "2012-10-17"
          },
          "sensitive_attributes": []
        }
      ]
    },
    {
      "module": "module.test.module.hello-lambda-function.module.hello-lambda-function",
      "mode": "data",
      "type": "aws_iam_policy_document",
      "name": "assume_role",
      "provider": "provider[\"registry.terraform.io/hashicorp/aws\"]",
      "instances": [
        {
          "index_key": 0,
          "schema_version": 0,
          "attributes": {
            "id": "3693445097",
            "json": "{\n  \"Version\": \"2012-10-17\",\n  \"Statement\": [\n    {\n      \"Sid\": \"\",\n      \"Effect\": \"Allow\",\n      \"Action\": \"sts:AssumeRole\",\n      \"Principal\": {\n        \"Service\": \"lambda.amazonaws.com\"\n      }\n    }\n  ]\n}",
            "override_json": null,
            "override_policy_documents": null,
            "policy_id": null,
            "source_json": null,
            "source_policy_documents": null,
            "statement": [
              {
                "actions": [
                  "sts:AssumeRole"
                ],
                "condition": [],
                "effect": "Allow",
                "not_actions": [],
                "not_principals": [],
                "not_resources": [],
                "principals": [
                  {
                    "identifiers": [
                      "lambda.amazonaws.com"
                    ],
                    "type": "Service"
                  }
                ],
                "resources": [],
                "sid": ""
              }
            ],
            "version": "2012-10-17"
          },
          "sensitive_attributes": []
        }
      ]
    },
    {
      "module": "module.test.module.hello-lambda-function.module.hello-lambda-function",
      "mode": "data",
      "type": "aws_iam_policy_document",
      "name": "logs",
      "provider": "provider[\"registry.terraform.io/hashicorp/aws\"]",
      "instances": [
        {
          "index_key": 0,
          "schema_version": 0,
          "attributes": {
            "id": "2970485315",
            "json": "{\n  \"Version\": \"2012-10-17\",\n  \"Statement\": [\n    {\n      \"Sid\": \"\",\n      \"Effect\": \"Allow\",\n      \"Action\": [\n        \"logs:PutLogEvents\",\n        \"logs:CreateLogStream\",\n        \"logs:CreateLogGroup\"\n      ],\n      \"Resource\": [\n        \"arn:aws:logs:us-east-1:595986152929:log-group:/aws/lambda/hello-nodejs-awssdk:*:*\",\n        \"arn:aws:logs:us-east-1:595986152929:log-group:/aws/lambda/hello-nodejs-awssdk:*\"\n      ]\n    }\n  ]\n}",
            "override_json": null,
            "override_policy_documents": null,
            "policy_id": null,
            "source_json": null,
            "source_policy_documents": null,
            "statement": [
              {
                "actions": [
                  "logs:CreateLogGroup",
                  "logs:CreateLogStream",
                  "logs:PutLogEvents"
                ],
                "condition": [],
                "effect": "Allow",
                "not_actions": [],
                "not_principals": [],
                "not_resources": [],
                "principals": [],
                "resources": [
                  "arn:aws:logs:us-east-1:595986152929:log-group:/aws/lambda/hello-nodejs-awssdk:*",
                  "arn:aws:logs:us-east-1:595986152929:log-group:/aws/lambda/hello-nodejs-awssdk:*:*"
                ],
                "sid": ""
              }
            ],
            "version": "2012-10-17"
          },
          "sensitive_attributes": []
        }
      ]
    },
    {
      "module": "module.test.module.hello-lambda-function.module.hello-lambda-function",
      "mode": "managed",
      "type": "aws_cloudwatch_log_group",
      "name": "lambda",
      "provider": "provider[\"registry.terraform.io/hashicorp/aws\"]",
      "instances": [
        {
          "index_key": 0,
          "schema_version": 0,
          "attributes": {
            "arn": "arn:aws:logs:us-east-1:595986152929:log-group:/aws/lambda/hello-nodejs-awssdk",
            "id": "/aws/lambda/hello-nodejs-awssdk",
            "kms_key_id": "",
            "name": "/aws/lambda/hello-nodejs-awssdk",
            "name_prefix": null,
            "retention_in_days": 0,
            "tags": {}
          },
          "sensitive_attributes": [],
          "private": "bnVsbA=="
        }
      ]
    },
    {
      "module": "module.test.module.hello-lambda-function.module.hello-lambda-function",
      "mode": "managed",
      "type": "aws_iam_policy",
      "name": "additional_inline",
      "provider": "provider[\"registry.terraform.io/hashicorp/aws\"]",
      "instances": [
        {
          "index_key": 0,
          "schema_version": 0,
          "attributes": {
            "arn": "arn:aws:iam::595986152929:policy/hello-nodejs-awssdk-inline",
            "description": "",
            "id": "arn:aws:iam::595986152929:policy/hello-nodejs-awssdk-inline",
            "name": "hello-nodejs-awssdk-inline",
            "name_prefix": null,
            "path": "/",
            "policy": "{\n  \"Version\": \"2012-10-17\",\n  \"Statement\": [\n    {\n      \"Sid\": \"s3\",\n      \"Effect\": \"Allow\",\n      \"Action\": \"s3:ListAllMyBuckets\",\n      \"Resource\": \"*\"\n    }\n  ]\n}",
            "policy_id": "ANPAYVQ4K7XQVV3GRDZDM",
            "tags": {}
          },
          "sensitive_attributes": [],
          "private": "bnVsbA==",
          "dependencies": [
            "module.test.module.hello-lambda-function.module.hello-lambda-function.data.aws_iam_policy_document.additional_inline"
          ]
        }
      ]
    },
    {
      "module": "module.test.module.hello-lambda-function.module.hello-lambda-function",
      "mode": "managed",
      "type": "aws_iam_policy",
      "name": "logs",
      "provider": "provider[\"registry.terraform.io/hashicorp/aws\"]",
      "instances": [
        {
          "index_key": 0,
          "schema_version": 0,
          "attributes": {
            "arn": "arn:aws:iam::595986152929:policy/hello-nodejs-awssdk-logs",
            "description": "",
            "id": "arn:aws:iam::595986152929:policy/hello-nodejs-awssdk-logs",
            "name": "hello-nodejs-awssdk-logs",
            "name_prefix": null,
            "path": "/",
            "policy": "{\n  \"Version\": \"2012-10-17\",\n  \"Statement\": [\n    {\n      \"Sid\": \"\",\n      \"Effect\": \"Allow\",\n      \"Action\": [\n        \"logs:PutLogEvents\",\n        \"logs:CreateLogStream\",\n        \"logs:CreateLogGroup\"\n      ],\n      \"Resource\": [\n        \"arn:aws:logs:us-east-1:595986152929:log-group:/aws/lambda/hello-nodejs-awssdk:*:*\",\n        \"arn:aws:logs:us-east-1:595986152929:log-group:/aws/lambda/hello-nodejs-awssdk:*\"\n      ]\n    }\n  ]\n}",
            "policy_id": "ANPAYVQ4K7XQXYPMLQ4PM",
            "tags": {}
          },
          "sensitive_attributes": [],
          "private": "bnVsbA==",
          "dependencies": [
            "module.test.module.hello-lambda-function.module.hello-lambda-function.aws_cloudwatch_log_group.lambda",
            "module.test.module.hello-lambda-function.module.hello-lambda-function.data.aws_arn.log_group_arn",
            "module.test.module.hello-lambda-function.module.hello-lambda-function.data.aws_cloudwatch_log_group.lambda",
            "module.test.module.hello-lambda-function.module.hello-lambda-function.data.aws_iam_policy_document.logs"
          ]
        }
      ]
    },
    {
      "module": "module.test.module.hello-lambda-function.module.hello-lambda-function",
      "mode": "managed",
      "type": "aws_iam_policy_attachment",
      "name": "additional_inline",
      "provider": "provider[\"registry.terraform.io/hashicorp/aws\"]",
      "instances": [
        {
          "index_key": 0,
          "schema_version": 0,
          "attributes": {
            "groups": [],
            "id": "hello-nodejs-awssdk",
            "name": "hello-nodejs-awssdk",
            "policy_arn": "arn:aws:iam::595986152929:policy/hello-nodejs-awssdk-inline",
            "roles": [
              "hello-nodejs-awssdk"
            ],
            "users": []
          },
          "sensitive_attributes": [],
          "private": "bnVsbA==",
          "dependencies": [
            "module.test.module.hello-lambda-function.module.hello-lambda-function.data.aws_iam_policy_document.additional_inline",
            "module.test.module.hello-lambda-function.module.hello-lambda-function.data.aws_iam_policy_document.assume_role",
            "module.test.module.hello-lambda-function.module.hello-lambda-function.aws_iam_policy.additional_inline",
            "module.test.module.hello-lambda-function.module.hello-lambda-function.aws_iam_role.lambda"
          ]
        }
      ]
    },
    {
      "module": "module.test.module.hello-lambda-function.module.hello-lambda-function",
      "mode": "managed",
      "type": "aws_iam_policy_attachment",
      "name": "logs",
      "provider": "provider[\"registry.terraform.io/hashicorp/aws\"]",
      "instances": [
        {
          "index_key": 0,
          "schema_version": 0,
          "attributes": {
            "groups": [],
            "id": "hello-nodejs-awssdk-logs",
            "name": "hello-nodejs-awssdk-logs",
            "policy_arn": "arn:aws:iam::595986152929:policy/hello-nodejs-awssdk-logs",
            "roles": [
              "hello-nodejs-awssdk"
            ],
            "users": []
          },
          "sensitive_attributes": [],
          "private": "bnVsbA==",
          "dependencies": [
            "module.test.module.hello-lambda-function.module.hello-lambda-function.data.aws_arn.log_group_arn",
            "module.test.module.hello-lambda-function.module.hello-lambda-function.data.aws_cloudwatch_log_group.lambda",
            "module.test.module.hello-lambda-function.module.hello-lambda-function.data.aws_iam_policy_document.assume_role",
            "module.test.module.hello-lambda-function.module.hello-lambda-function.data.aws_iam_policy_document.logs",
            "module.test.module.hello-lambda-function.module.hello-lambda-function.aws_cloudwatch_log_group.lambda",
            "module.test.module.hello-lambda-function.module.hello-lambda-function.aws_iam_policy.logs",
            "module.test.module.hello-lambda-function.module.hello-lambda-function.aws_iam_role.lambda"
          ]
        }
      ]
    },
    {
      "module": "module.test.module.hello-lambda-function.module.hello-lambda-function",
      "mode": "managed",
      "type": "aws_iam_role",
      "name": "lambda",
      "provider": "provider[\"registry.terraform.io/hashicorp/aws\"]",
      "instances": [
        {
          "index_key": 0,
          "schema_version": 0,
          "attributes": {
            "arn": "arn:aws:iam::595986152929:role/hello-nodejs-awssdk",
            "assume_role_policy": "{\"Version\":\"2012-10-17\",\"Statement\":[{\"Sid\":\"\",\"Effect\":\"Allow\",\"Principal\":{\"Service\":\"lambda.amazonaws.com\"},\"Action\":\"sts:AssumeRole\"}]}",
            "create_date": "2021-04-21T07:06:42Z",
            "description": "",
            "force_detach_policies": true,
            "id": "hello-nodejs-awssdk",
            "inline_policy": [
              {
                "name": "",
                "policy": ""
              }
            ],
            "managed_policy_arns": [
              "arn:aws:iam::595986152929:policy/hello-nodejs-awssdk-inline",
              "arn:aws:iam::595986152929:policy/hello-nodejs-awssdk-logs",
              "arn:aws:iam::aws:policy/AWSXRayDaemonWriteAccess"
            ],
            "max_session_duration": 3600,
            "name": "hello-nodejs-awssdk",
            "name_prefix": null,
            "path": "/",
            "permissions_boundary": null,
            "tags": {},
            "unique_id": "AROAYVQ4K7XQZFIBEGDH4"
          },
          "sensitive_attributes": [],
          "private": "bnVsbA==",
          "dependencies": [
            "module.test.module.hello-lambda-function.module.hello-lambda-function.data.aws_iam_policy_document.assume_role"
          ]
        }
      ]
    },
    {
      "module": "module.test.module.hello-lambda-function.module.hello-lambda-function",
      "mode": "managed",
      "type": "aws_lambda_function",
      "name": "this",
      "provider": "provider[\"registry.terraform.io/hashicorp/aws\"]",
      "instances": [
        {
          "index_key": 0,
          "schema_version": 0,
          "attributes": {
            "arn": "arn:aws:lambda:us-east-1:595986152929:function:hello-nodejs-awssdk",
            "code_signing_config_arn": "",
            "dead_letter_config": [],
            "description": "",
            "environment": [
              {
                "variables": {
                  "AWS_LAMBDA_EXEC_WRAPPER": "/opt/otel-handler",
                  "OTEL_LOG_LEVEL": "DEBUG",
                  "OTEL_METRICS_EXPORTER": "logging",
                  "OTEL_TRACES_EXPORTER": "logging"
                }
              }
            ],
            "file_system_config": [],
            "filename": "../../../opentelemetry-lambda/nodejs/sample-apps/aws-sdk/deploy/../build/function.zip",
            "function_name": "hello-nodejs-awssdk",
            "handler": "index.handler",
            "id": "hello-nodejs-awssdk",
            "image_config": [],
            "image_uri": "",
            "invoke_arn": "arn:aws:apigateway:us-east-1:lambda:path/2015-03-31/functions/arn:aws:lambda:us-east-1:595986152929:function:hello-nodejs-awssdk/invocations",
            "kms_key_arn": "",
            "last_modified": "2021-04-21T07:18:23.378+0000",
            "layers": [
              "arn:aws:lambda:us-east-1:595986152929:layer:opentelemetry-nodejs-wrapper:45",
              "arn:aws:lambda:us-east-1:595986152929:layer:opentelemetry-collector:20"
            ],
            "memory_size": 384,
            "package_type": "Zip",
            "publish": false,
            "qualified_arn": "arn:aws:lambda:us-east-1:595986152929:function:hello-nodejs-awssdk:$LATEST",
            "reserved_concurrent_executions": -1,
            "role": "arn:aws:iam::595986152929:role/hello-nodejs-awssdk",
            "runtime": "nodejs14.x",
            "s3_bucket": null,
            "s3_key": null,
            "s3_object_version": null,
            "signing_job_arn": "",
            "signing_profile_version_arn": "",
            "source_code_hash": "mtW8D4DKq6RmJo9sTfzt3A4IO/sw/+53o73+Bdswaik=",
            "source_code_size": 8424558,
            "tags": {},
            "timeout": 20,
            "timeouts": null,
            "tracing_config": [
              {
                "mode": "Active"
              }
            ],
            "version": "$LATEST",
            "vpc_config": []
          },
          "sensitive_attributes": [],
          "private": "eyJlMmJmYjczMC1lY2FhLTExZTYtOGY4OC0zNDM2M2JjN2M0YzAiOnsiY3JlYXRlIjo2MDAwMDAwMDAwMDB9fQ==",
          "dependencies": [
            "module.test.aws_lambda_layer_version.collector_layer",
            "module.test.aws_lambda_layer_version.sdk_layer",
            "module.test.module.hello-lambda-function.module.hello-lambda-function.aws_iam_role.lambda",
            "module.test.module.hello-lambda-function.module.hello-lambda-function.aws_s3_bucket_object.lambda_package",
            "module.test.module.hello-lambda-function.module.hello-lambda-function.data.external.archive_prepare",
            "module.test.module.hello-lambda-function.module.hello-lambda-function.null_resource.archive"
          ]
        }
      ]
    }
  ]
}
