{
  "requires": true,
  "lockfileVersion": 1,
  "dependencies": {
    "@opentelemetry/core": {
      "version": "1.12.0",
      "resolved": "https://registry.npmjs.org/@opentelemetry/core/-/core-1.12.0.tgz",
      "integrity": "sha512-4DWYNb3dLs2mSCGl65jY3aEgbvPWSHVQV/dmDWiYeWUrMakZQFcymqZOSUNZO0uDrEJoxMu8O5tZktX6UKFwag==",
      "requires": {
        "@opentelemetry/semantic-conventions": "1.12.0"
      }
    },
    "@opentelemetry/resources": {
      "version": "1.12.0",
      "resolved": "https://registry.npmjs.org/@opentelemetry/resources/-/resources-1.12.0.tgz",
      "integrity": "sha512-gunMKXG0hJrR0LXrqh7BVbziA/+iJBL3ZbXCXO64uY+SrExkwoyJkpiq9l5ismkGF/A20mDEV7tGwh+KyPw00Q==",
      "requires": {
        "@opentelemetry/core": "1.12.0",
        "@opentelemetry/semantic-conventions": "1.12.0"
      }
    },
    "@opentelemetry/sdk-trace-base": {
      "version": "1.12.0",
      "resolved": "https://registry.npmjs.org/@opentelemetry/sdk-trace-base/-/sdk-trace-base-1.12.0.tgz",
      "integrity": "sha512-pfCOB3tNDlYVoWuz4D7Ji+Jmy9MHnATWHVpkERdCEiwUGEZ+4IvNPXUcPc37wJVmMpjGLeaWgPPrie0KIpWf1A==",
      "requires": {
        "@opentelemetry/core": "1.12.0",
        "@opentelemetry/resources": "1.12.0",
        "@opentelemetry/semantic-conventions": "1.12.0"
      }
    },
    "@opentelemetry/semantic-conventions": {
      "version": "1.12.0",
      "resolved": "https://registry.npmjs.org/@opentelemetry/semantic-conventions/-/semantic-conventions-1.12.0.tgz",
      "integrity": "sha512-hO+bdeGOlJwqowUBoZF5LyP3ORUFOP1G0GRv8N45W/cztXbT2ZEXaAzfokRS9Xc9FWmYrDj32mF6SzH6wuoIyA=="
    }
  }
}
